
Microsoft Visual Studio Solution File, Format Version 12.00
# Visual Studio Express 2012 for Web
Project("{FAE04EC0-301F-11D3-BF4B-00C04F79EFBC}") = "repaem", "repaem.in.ua\repaem.csproj", "{65EADE1D-75A2-4C0F-9F4C-3BC31BCF404C}"
EndProject
Global
	GlobalSection(TeamFoundationVersionControl) = preSolution
		SccNumberOfProjects = 2
		SccEnterpriseProvider = {4CA58AB2-18FA-4F8D-95D4-32DDF27D184C}
		SccTeamFoundationServer = https://tsdaemon.visualstudio.com/defaultcollection
		SccLocalPath0 = .
		SccProjectUniqueName1 = repaem.in.ua\\repaem.csproj
		SccProjectName1 = repaem.in.ua
		SccLocalPath1 = repaem.in.ua
	EndGlobalSection
	GlobalSection(SolutionConfigurationPlatforms) = preSolution
		Debug|Any CPU = Debug|Any CPU
		Release|Any CPU = Release|Any CPU
	EndGlobalSection
	GlobalSection(ProjectConfigurationPlatforms) = postSolution
		{65EADE1D-75A2-4C0F-9F4C-3BC31BCF404C}.Debug|Any CPU.ActiveCfg = Debug|Any CPU
		{65EADE1D-75A2-4C0F-9F4C-3BC31BCF404C}.Debug|Any CPU.Build.0 = Debug|Any CPU
		{65EADE1D-75A2-4C0F-9F4C-3BC31BCF404C}.Release|Any CPU.ActiveCfg = Release|Any CPU
		{65EADE1D-75A2-4C0F-9F4C-3BC31BCF404C}.Release|Any CPU.Build.0 = Release|Any CPU
	EndGlobalSection
	GlobalSection(SolutionProperties) = preSolution
		HideSolutionNode = FALSE
	EndGlobalSection
EndGlobal
